
Microsoft Visual Studio Solution File, Format Version 12.00
# Visual Studio Version 16
VisualStudioVersion = 16.0.30002.166
MinimumVisualStudioVersion = 10.0.40219.1
Project("{FAE04EC0-301F-11D3-BF4B-00C04F79EFBC}") = "AzWeb2", "AzWeb2.csproj", "{F866F353-7339-4621-BF94-64335D471B8C}"
EndProject
Project("{FAE04EC0-301F-11D3-BF4B-00C04F79EFBC}") = "AzWeb2.Tests", "..\AzWeb2.Tests\AzWeb2.Tests.csproj", "{93951045-A7D1-4820-9CC8-37287FBBB279}"
EndProject
Global
	GlobalSection(SolutionConfigurationPlatforms) = preSolution
		Debug|Any CPU = Debug|Any CPU
		Release|Any CPU = Release|Any CPU
	EndGlobalSection
	GlobalSection(ProjectConfigurationPlatforms) = postSolution
		{F866F353-7339-4621-BF94-64335D471B8C}.Debug|Any CPU.ActiveCfg = Debug|Any CPU
		{F866F353-7339-4621-BF94-64335D471B8C}.Debug|Any CPU.Build.0 = Debug|Any CPU
		{F866F353-7339-4621-BF94-64335D471B8C}.Release|Any CPU.ActiveCfg = Release|Any CPU
		{F866F353-7339-4621-BF94-64335D471B8C}.Release|Any CPU.Build.0 = Release|Any CPU
		{93951045-A7D1-4820-9CC8-37287FBBB279}.Debug|Any CPU.ActiveCfg = Debug|Any CPU
		{93951045-A7D1-4820-9CC8-37287FBBB279}.Debug|Any CPU.Build.0 = Debug|Any CPU
		{93951045-A7D1-4820-9CC8-37287FBBB279}.Release|Any CPU.ActiveCfg = Release|Any CPU
		{93951045-A7D1-4820-9CC8-37287FBBB279}.Release|Any CPU.Build.0 = Release|Any CPU
	EndGlobalSection
	GlobalSection(SolutionProperties) = preSolution
		HideSolutionNode = FALSE
	EndGlobalSection
	GlobalSection(ExtensibilityGlobals) = postSolution
		SolutionGuid = {E472BB90-D0C9-412B-8EFF-5657CA6D51DE}
	EndGlobalSection
EndGlobal
